{
  "version": "3",
  "packages": {
    "specifiers": {
      "jsr:@std/assert@1": "jsr:@std/assert@1.0.1",
      "jsr:@std/assert@^0.225.2": "jsr:@std/assert@0.225.3",
      "jsr:@std/assert@^0.225.3": "jsr:@std/assert@0.225.3",
      "jsr:@std/async@^0.224.1": "jsr:@std/async@0.224.2",
      "jsr:@std/cli@1": "jsr:@std/cli@1.0.1",
      "jsr:@std/cli@^0.224.3": "jsr:@std/cli@0.224.3",
      "jsr:@std/encoding@^0.224.2": "jsr:@std/encoding@0.224.2",
      "jsr:@std/fmt@^0.225.1": "jsr:@std/fmt@0.225.1",
      "jsr:@std/fmt@^1.0.0-rc.1": "jsr:@std/fmt@1.0.0-rc.1",
      "jsr:@std/fs@1": "jsr:@std/fs@1.0.0",
      "jsr:@std/fs@^1.0.0-rc.5": "jsr:@std/fs@1.0.0",
      "jsr:@std/http@0.224": "jsr:@std/http@0.224.1",
      "jsr:@std/http@0.224.1": "jsr:@std/http@0.224.1",
      "jsr:@std/internal@^1.0.1": "jsr:@std/internal@1.0.1",
      "jsr:@std/io@^0.224.3": "jsr:@std/io@0.224.3",
      "jsr:@std/log@0.224": "jsr:@std/log@0.224.5",
      "jsr:@std/media-types@^1.0.0-rc.1": "jsr:@std/media-types@1.0.0-rc.1",
      "jsr:@std/path@1": "jsr:@std/path@1.0.2",
      "jsr:@std/path@^0.225.1": "jsr:@std/path@0.225.1",
      "jsr:@std/path@^1.0.2": "jsr:@std/path@1.0.2",
      "jsr:@std/streams@^0.224.1": "jsr:@std/streams@0.224.1"
    },
    "jsr": {
      "@std/assert@0.225.3": {
        "integrity": "b3c2847aecf6955b50644cdb9cf072004ea3d1998dd7579fc0acb99dbb23bd4f"
      },
      "@std/assert@1.0.1": {
        "integrity": "13590ef8e5854f59e4ad252fd987e83239a1bf1f16cb9c69c1d123ebb807a75b",
        "dependencies": [
          "jsr:@std/internal@^1.0.1"
        ]
      },
      "@std/async@0.224.2": {
        "integrity": "4d277d6e165df43d5e061ba0ef3edfddb8e8d558f5b920e3e6b1d2614b44d074"
      },
      "@std/cli@0.224.3": {
        "integrity": "54fd879e24b738f6812dcc75bcae1534ba8f014245064ceae1bcfc2996c06d44",
        "dependencies": [
          "jsr:@std/assert@^0.225.3"
        ]
      },
      "@std/cli@1.0.1": {
        "integrity": "d0661fba13b30e3c0121646589fa9beeeabe92482c6b04679ea0e7ec683d97f2"
      },
      "@std/encoding@0.224.2": {
        "integrity": "bd9ef45d6028296440005804db7fc8fcc86e72fc1a19bb77684fb39c4a613672"
      },
      "@std/fmt@0.225.1": {
        "integrity": "44a8cb375d7344adb3cb0208b85ea0bde7cdc15224c11188c85e733834ffe356"
      },
      "@std/fmt@1.0.0-rc.1": {
        "integrity": "3dbbd12f1704c62b5bd33c9ff928c8df47cd5c75f6637201a8c21298b28e43bc"
      },
      "@std/fs@1.0.0": {
        "integrity": "d72e4a125af7168d717a2ed1dca77a728b422b0d138fd20579e3fa41a77da943",
        "dependencies": [
          "jsr:@std/path@^1.0.2"
        ]
      },
      "@std/http@0.224.1": {
        "integrity": "750942bf4ecdf88520efcd568cff2c1bb1e5c2bede8c901981b3b0c888faa41f",
        "dependencies": [
          "jsr:@std/assert@^0.225.3",
          "jsr:@std/async@^0.224.1",
          "jsr:@std/cli@^0.224.3",
          "jsr:@std/encoding@^0.224.2",
          "jsr:@std/fmt@^0.225.1",
          "jsr:@std/media-types@^1.0.0-rc.1",
          "jsr:@std/path@^0.225.1",
          "jsr:@std/streams@^0.224.1"
        ]
      },
      "@std/internal@1.0.1": {
        "integrity": "6f8c7544d06a11dd256c8d6ba54b11ed870aac6c5aeafff499892662c57673e6"
      },
      "@std/io@0.224.3": {
        "integrity": "b402edeb99c6b3778d9ae3e9927bc9085b170b41e5a09bbb7064ab2ee394ae2f"
      },
      "@std/log@0.224.5": {
        "integrity": "4612a45189438441bbd923a4cad1cce5c44c6c4a039195a3e8d831ce38894eee",
        "dependencies": [
          "jsr:@std/fmt@^1.0.0-rc.1",
          "jsr:@std/fs@^1.0.0-rc.5",
          "jsr:@std/io@^0.224.3"
        ]
      },
      "@std/media-types@1.0.0-rc.1": {
        "integrity": "ff3cc8d5b536be2730fc4d446865007faf69bf4d46e7bea426d5e1d9c6ba9053"
      },
      "@std/path@0.225.1": {
        "integrity": "8c3220635a73730eb51fe43de9e10b79e2724a5bb8638b9355d35ae012fd9429",
        "dependencies": [
          "jsr:@std/assert@^0.225.2"
        ]
      },
      "@std/path@1.0.2": {
        "integrity": "a452174603f8c620bd278a380c596437a9eef50c891c64b85812f735245d9ec7"
      },
      "@std/streams@0.224.1": {
        "integrity": "e8565a376ae3888f60770cd09e480952ec7c349007aed81b8f7165424ce2195f",
        "dependencies": [
          "jsr:@std/assert@^0.225.3"
        ]
      }
    }
  },
  "remote": {},
  "workspace": {
    "dependencies": [
      "jsr:@std/assert@1",
      "jsr:@std/cli@1",
      "jsr:@std/fs@1",
      "jsr:@std/http@0.224",
      "jsr:@std/log@0.224",
      "jsr:@std/path@1"
    ]
  }
}
