{
  "version": "3",
  "packages": {
    "specifiers": {
      "jsr:@std/assert@^0.226.0": "jsr:@std/assert@0.226.0",
      "jsr:@std/assert@^1.0.3": "jsr:@std/assert@1.0.3",
      "jsr:@std/cli@1": "jsr:@std/cli@1.0.4",
      "jsr:@std/cli@^0.224.3": "jsr:@std/cli@0.224.7",
      "jsr:@std/cli@^1.0.4": "jsr:@std/cli@1.0.4",
      "jsr:@std/encoding@^0.224.2": "jsr:@std/encoding@0.224.3",
      "jsr:@std/encoding@^1.0.3": "jsr:@std/encoding@1.0.3",
      "jsr:@std/fmt@^0.225.1": "jsr:@std/fmt@0.225.6",
      "jsr:@std/fmt@^1.0.0-rc.1": "jsr:@std/fmt@1.0.1",
      "jsr:@std/fmt@^1.0.1": "jsr:@std/fmt@1.0.1",
      "jsr:@std/fs@1": "jsr:@std/fs@1.0.0",
      "jsr:@std/fs@^1.0.0-rc.5": "jsr:@std/fs@1.0.2",
      "jsr:@std/fs@^1.0.2": "jsr:@std/fs@1.0.2",
      "jsr:@std/http@0.224.1": "jsr:@std/http@0.224.1",
      "jsr:@std/http@^1.0.4": "jsr:@std/http@1.0.4",
      "jsr:@std/internal@^1.0.2": "jsr:@std/internal@1.0.2",
      "jsr:@std/io@^0.224.3": "jsr:@std/io@0.224.3",
      "jsr:@std/io@^0.224.6": "jsr:@std/io@0.224.6",
      "jsr:@std/log@^0.224.6": "jsr:@std/log@0.224.6",
      "jsr:@std/media-types@^1.0.0-rc.1": "jsr:@std/media-types@1.0.3",
      "jsr:@std/media-types@^1.0.3": "jsr:@std/media-types@1.0.3",
      "jsr:@std/net@^1.0.1": "jsr:@std/net@1.0.1",
      "jsr:@std/path@1": "jsr:@std/path@1.0.3",
      "jsr:@std/path@^0.225.1": "jsr:@std/path@0.225.2",
      "jsr:@std/path@^1.0.2": "jsr:@std/path@1.0.3",
      "jsr:@std/path@^1.0.3": "jsr:@std/path@1.0.3",
      "jsr:@std/streams@^0.224.1": "jsr:@std/streams@0.224.5",
      "jsr:@std/streams@^1.0.3": "jsr:@std/streams@1.0.3"
    },
    "jsr": {
      "@std/assert@0.226.0": {
        "integrity": "0dfb5f7c7723c18cec118e080fec76ce15b4c31154b15ad2bd74822603ef75b3"
      },
      "@std/assert@1.0.3": {
        "integrity": "b0d03ce1ced880df67132eea140623010d415848df66f6aa5df76507ca7c26d8",
        "dependencies": [
          "jsr:@std/internal@^1.0.2"
        ]
      },
      "@std/cli@0.224.7": {
        "integrity": "654ca6477518e5e3a0d3fabafb2789e92b8c0febf1a1d24ba4b567aba94b5977"
      },
      "@std/cli@1.0.1": {
        "integrity": "d0661fba13b30e3c0121646589fa9beeeabe92482c6b04679ea0e7ec683d97f2"
      },
      "@std/cli@1.0.4": {
        "integrity": "79ca75add572a99a8ba93ae37ccbd8d43fb4e2b635a8a7ebebb4f2d092048764"
      },
      "@std/encoding@0.224.3": {
        "integrity": "5e861b6d81be5359fad4155e591acf17c0207b595112d1840998bb9f476dbdaf"
      },
      "@std/encoding@1.0.3": {
        "integrity": "5dbc2d7f5aa6062de7e19862ea856ac7a0dcce0b6fb46bb7b332d3bdcd4408b7"
      },
      "@std/fmt@0.225.6": {
        "integrity": "aba6aea27f66813cecfd9484e074a9e9845782ab0685c030e453a8a70b37afc8"
      },
      "@std/fmt@1.0.0-rc.1": {
        "integrity": "3dbbd12f1704c62b5bd33c9ff928c8df47cd5c75f6637201a8c21298b28e43bc"
      },
      "@std/fmt@1.0.1": {
        "integrity": "ef76c37faa7720faa8c20fd8cc74583f9b1e356dfd630c8714baa716a45856ab"
      },
      "@std/fs@1.0.0": {
        "integrity": "d72e4a125af7168d717a2ed1dca77a728b422b0d138fd20579e3fa41a77da943",
        "dependencies": [
          "jsr:@std/path@^1.0.2"
        ]
      },
      "@std/fs@1.0.2": {
        "integrity": "af57555c7a224a6f147d5cced5404692974f7a628ced8eda67e0d22d92d474ec",
        "dependencies": [
          "jsr:@std/path@^1.0.3"
        ]
      },
      "@std/http@0.224.1": {
        "integrity": "750942bf4ecdf88520efcd568cff2c1bb1e5c2bede8c901981b3b0c888faa41f",
        "dependencies": [
          "jsr:@std/cli@^0.224.3",
          "jsr:@std/encoding@^0.224.2",
          "jsr:@std/fmt@^0.225.1",
          "jsr:@std/media-types@^1.0.0-rc.1",
          "jsr:@std/path@^0.225.1",
          "jsr:@std/streams@^0.224.1"
        ]
      },
      "@std/http@1.0.4": {
        "integrity": "1a8142217907d49c4687f90ef3d257e7df2baf344c5122c322d7316df09df453",
        "dependencies": [
          "jsr:@std/cli@^1.0.4",
          "jsr:@std/encoding@^1.0.3",
          "jsr:@std/fmt@^1.0.1",
          "jsr:@std/media-types@^1.0.3",
          "jsr:@std/net@^1.0.1",
          "jsr:@std/path@^1.0.3",
          "jsr:@std/streams@^1.0.3"
        ]
      },
      "@std/internal@1.0.2": {
        "integrity": "f4cabe2021352e8bfc24e6569700df87bf070914fc38d4b23eddd20108ac4495"
      },
      "@std/io@0.224.3": {
        "integrity": "b402edeb99c6b3778d9ae3e9927bc9085b170b41e5a09bbb7064ab2ee394ae2f"
      },
      "@std/io@0.224.6": {
        "integrity": "eefe034a370be34daf066c8634dd645635d099bb21eccf110f0bdc28d9040891"
      },
      "@std/log@0.224.5": {
        "integrity": "4612a45189438441bbd923a4cad1cce5c44c6c4a039195a3e8d831ce38894eee",
        "dependencies": [
          "jsr:@std/fmt@^1.0.0-rc.1",
          "jsr:@std/fs@^1.0.0-rc.5",
          "jsr:@std/io@^0.224.3"
        ]
      },
      "@std/log@0.224.6": {
        "integrity": "c34e7b69fe84b2152ce2b0a1b5e211b26e6a1ce6a6b68a217b9342fd13ed95a4",
        "dependencies": [
          "jsr:@std/fmt@^1.0.1",
          "jsr:@std/fs@^1.0.2",
          "jsr:@std/io@^0.224.6"
        ]
      },
      "@std/media-types@1.0.3": {
        "integrity": "b12d30a7852f7578f4d210622df713bbfd1cbdd9b4ec2eaf5c1845ab70bab159"
      },
      "@std/net@1.0.1": {
        "integrity": "27fe136ab7ae81f425df90aad190bae2c87d2aef3d1a49cbc0efc1daa287d794"
      },
      "@std/path@0.225.2": {
        "integrity": "0f2db41d36b50ef048dcb0399aac720a5348638dd3cb5bf80685bf2a745aa506",
        "dependencies": [
          "jsr:@std/assert@^0.226.0"
        ]
      },
      "@std/path@1.0.2": {
        "integrity": "a452174603f8c620bd278a380c596437a9eef50c891c64b85812f735245d9ec7"
      },
      "@std/path@1.0.3": {
        "integrity": "cd89d014ce7eb3742f2147b990f6753ee51d95276bfc211bc50c860c1bc7df6f"
      },
      "@std/streams@0.224.5": {
        "integrity": "bcde7818dd5460d474cdbd674b15f6638b9cd73cd64e52bd852fba2bd4d8ec91"
      },
      "@std/streams@1.0.3": {
        "integrity": "d62e645ab981cee2c3d03040eb03cf387fc6bceef6d4564f3ed485a43741a81f"
      }
    }
  },
  "remote": {},
  "workspace": {
    "dependencies": [
      "jsr:@std/assert@^1.0.3",
      "jsr:@std/cli@^1.0.4",
      "jsr:@std/fs@^1.0.2",
      "jsr:@std/http@^1.0.4",
      "jsr:@std/log@^0.224.6",
      "jsr:@std/path@^1.0.3"
    ],
    "members": {
      "website": {
        "dependencies": [
          "jsr:@std/http@^1.0.4",
          "jsr:@std/log@^0.224.6"
        ]
      }
    }
  }
}
